
Microsoft Visual Studio Solution File, Format Version 12.00
# Visual Studio Version 17
VisualStudioVersion = 17.3.32922.545
MinimumVisualStudioVersion = 10.0.40219.1
Project("{9A19103F-16F7-4668-BE54-9A1E7A4F7556}") = "BoxOfT", "BoxOfT\BoxOfT.csproj", "{332A0F7E-EA18-4658-BAFF-2F57EDC8475F}"
EndProject
Project("{9A19103F-16F7-4668-BE54-9A1E7A4F7556}") = "GenericArrayCreator", "GenericArrayCreator\GenericArrayCreator.csproj", "{67754B33-68CD-4516-A321-AB4E2BAD4F29}"
EndProject
Project("{FAE04EC0-301F-11D3-BF4B-00C04F79EFBC}") = "GenericScale", "GenericScale\GenericScale.csproj", "{D64C3687-5DB8-4337-B6D6-A8630D2217CF}"
EndProject
Global
	GlobalSection(SolutionConfigurationPlatforms) = preSolution
		Debug|Any CPU = Debug|Any CPU
		Release|Any CPU = Release|Any CPU
	EndGlobalSection
	GlobalSection(ProjectConfigurationPlatforms) = postSolution
		{332A0F7E-EA18-4658-BAFF-2F57EDC8475F}.Debug|Any CPU.ActiveCfg = Debug|Any CPU
		{332A0F7E-EA18-4658-BAFF-2F57EDC8475F}.Debug|Any CPU.Build.0 = Debug|Any CPU
		{332A0F7E-EA18-4658-BAFF-2F57EDC8475F}.Release|Any CPU.ActiveCfg = Release|Any CPU
		{332A0F7E-EA18-4658-BAFF-2F57EDC8475F}.Release|Any CPU.Build.0 = Release|Any CPU
		{67754B33-68CD-4516-A321-AB4E2BAD4F29}.Debug|Any CPU.ActiveCfg = Debug|Any CPU
		{67754B33-68CD-4516-A321-AB4E2BAD4F29}.Debug|Any CPU.Build.0 = Debug|Any CPU
		{67754B33-68CD-4516-A321-AB4E2BAD4F29}.Release|Any CPU.ActiveCfg = Release|Any CPU
		{67754B33-68CD-4516-A321-AB4E2BAD4F29}.Release|Any CPU.Build.0 = Release|Any CPU
		{D64C3687-5DB8-4337-B6D6-A8630D2217CF}.Debug|Any CPU.ActiveCfg = Debug|Any CPU
		{D64C3687-5DB8-4337-B6D6-A8630D2217CF}.Debug|Any CPU.Build.0 = Debug|Any CPU
		{D64C3687-5DB8-4337-B6D6-A8630D2217CF}.Release|Any CPU.ActiveCfg = Release|Any CPU
		{D64C3687-5DB8-4337-B6D6-A8630D2217CF}.Release|Any CPU.Build.0 = Release|Any CPU
	EndGlobalSection
	GlobalSection(SolutionProperties) = preSolution
		HideSolutionNode = FALSE
	EndGlobalSection
	GlobalSection(ExtensibilityGlobals) = postSolution
		SolutionGuid = {09F104C2-7F78-469A-9684-08444D84DD8D}
	EndGlobalSection
EndGlobal
