
Microsoft Visual Studio Solution File, Format Version 12.00
# Visual Studio Version 17
VisualStudioVersion = 17.3.32922.545
MinimumVisualStudioVersion = 10.0.40219.1
Project("{FAE04EC0-301F-11D3-BF4B-00C04F79EFBC}") = "PersonInfo", "PersonInfo\PersonInfo.csproj", "{6EF97C6F-35E7-4667-8F0F-041E57FF9E7C}"
EndProject
Project("{FAE04EC0-301F-11D3-BF4B-00C04F79EFBC}") = "03.Telephony", "03.Telephony\03.Telephony.csproj", "{F589B647-0715-40C6-B47D-6EC637BEE1BC}"
EndProject
Project("{FAE04EC0-301F-11D3-BF4B-00C04F79EFBC}") = "04.BorderControl", "04.BorderControl\04.BorderControl.csproj", "{CD4E7451-E7D9-4BD5-BA8B-ED60322C628C}"
EndProject
Global
	GlobalSection(SolutionConfigurationPlatforms) = preSolution
		Debug|Any CPU = Debug|Any CPU
		Release|Any CPU = Release|Any CPU
	EndGlobalSection
	GlobalSection(ProjectConfigurationPlatforms) = postSolution
		{6EF97C6F-35E7-4667-8F0F-041E57FF9E7C}.Debug|Any CPU.ActiveCfg = Debug|Any CPU
		{6EF97C6F-35E7-4667-8F0F-041E57FF9E7C}.Debug|Any CPU.Build.0 = Debug|Any CPU
		{6EF97C6F-35E7-4667-8F0F-041E57FF9E7C}.Release|Any CPU.ActiveCfg = Release|Any CPU
		{6EF97C6F-35E7-4667-8F0F-041E57FF9E7C}.Release|Any CPU.Build.0 = Release|Any CPU
		{F589B647-0715-40C6-B47D-6EC637BEE1BC}.Debug|Any CPU.ActiveCfg = Debug|Any CPU
		{F589B647-0715-40C6-B47D-6EC637BEE1BC}.Debug|Any CPU.Build.0 = Debug|Any CPU
		{F589B647-0715-40C6-B47D-6EC637BEE1BC}.Release|Any CPU.ActiveCfg = Release|Any CPU
		{F589B647-0715-40C6-B47D-6EC637BEE1BC}.Release|Any CPU.Build.0 = Release|Any CPU
		{CD4E7451-E7D9-4BD5-BA8B-ED60322C628C}.Debug|Any CPU.ActiveCfg = Debug|Any CPU
		{CD4E7451-E7D9-4BD5-BA8B-ED60322C628C}.Debug|Any CPU.Build.0 = Debug|Any CPU
		{CD4E7451-E7D9-4BD5-BA8B-ED60322C628C}.Release|Any CPU.ActiveCfg = Release|Any CPU
		{CD4E7451-E7D9-4BD5-BA8B-ED60322C628C}.Release|Any CPU.Build.0 = Release|Any CPU
	EndGlobalSection
	GlobalSection(SolutionProperties) = preSolution
		HideSolutionNode = FALSE
	EndGlobalSection
	GlobalSection(ExtensibilityGlobals) = postSolution
		SolutionGuid = {B56FF75C-DE14-4D6D-AF89-5B6A315073F0}
	EndGlobalSection
EndGlobal
