
Microsoft Visual Studio Solution File, Format Version 12.00
# Visual Studio Version 17
VisualStudioVersion = 17.3.32922.545
MinimumVisualStudioVersion = 10.0.40219.1
Project("{9A19103F-16F7-4668-BE54-9A1E7A4F7556}") = "01. Tiles Master", "01. Tiles Master\01. Tiles Master.csproj", "{724339C4-77F3-4624-AB6B-F70784EB6F82}"
EndProject
Project("{9A19103F-16F7-4668-BE54-9A1E7A4F7556}") = "02. Wall Destroyer", "02. Wall Destroyer\02. Wall Destroyer.csproj", "{9F224E3A-EE43-458B-87BC-7DECC7C8CFAE}"
EndProject
Project("{9A19103F-16F7-4668-BE54-9A1E7A4F7556}") = "Renovators", "Renovators\Renovators.csproj", "{78635C15-40DA-4D27-9AFD-C38E81192878}"
EndProject
Project("{9A19103F-16F7-4668-BE54-9A1E7A4F7556}") = "FishingNet", "FishingNet\FishingNet.csproj", "{2E528126-E00A-4B0E-AAD0-C415622B54C8}"
EndProject
Project("{9A19103F-16F7-4668-BE54-9A1E7A4F7556}") = "01. Bakery Shop", "01. Bakery Shop\01. Bakery Shop.csproj", "{FD305606-071D-4F35-BE6F-CB2A65172224}"
EndProject
Project("{9A19103F-16F7-4668-BE54-9A1E7A4F7556}") = "02. Beaver at Work", "02. Beaver at Work\02. Beaver at Work.csproj", "{10A9B7A1-AFC8-4261-8371-AD400D6CC131}"
EndProject
Project("{9A19103F-16F7-4668-BE54-9A1E7A4F7556}") = "02. Help-A-Mole", "02. Help-A-Mole\02. Help-A-Mole.csproj", "{5CD8A3B7-69B4-4D1D-B785-511D40BD49C2}"
EndProject
Project("{9A19103F-16F7-4668-BE54-9A1E7A4F7556}") = "Basketball", "Basketball\Basketball.csproj", "{0559755A-C74D-4B64-98FA-4A790F9D4DE7}"
EndProject
Project("{9A19103F-16F7-4668-BE54-9A1E7A4F7556}") = "01. Barista Contest", "01. Barista Contest\01. Barista Contest.csproj", "{DA3B7C7C-D4DA-42A4-A277-CE7546C60EF0}"
EndProject
Project("{9A19103F-16F7-4668-BE54-9A1E7A4F7556}") = "02. Truffle Hunter", "02. Truffle Hunter\02. Truffle Hunter.csproj", "{9A35DC51-120F-4B11-8DA8-828FF06D428D}"
EndProject
Project("{9A19103F-16F7-4668-BE54-9A1E7A4F7556}") = "01. Meal Plan", "01. Meal Plan\01. Meal Plan.csproj", "{D585ED07-4134-4082-905F-EDF7918F4A9D}"
EndProject
Project("{FAE04EC0-301F-11D3-BF4B-00C04F79EFBC}") = "01. Food Finder", "01. Food Finder\01. Food Finder.csproj", "{FD00DC05-A6FB-435F-A78D-5CFE9A3F1F3F}"
EndProject
Global
	GlobalSection(SolutionConfigurationPlatforms) = preSolution
		Debug|Any CPU = Debug|Any CPU
		Release|Any CPU = Release|Any CPU
	EndGlobalSection
	GlobalSection(ProjectConfigurationPlatforms) = postSolution
		{724339C4-77F3-4624-AB6B-F70784EB6F82}.Debug|Any CPU.ActiveCfg = Debug|Any CPU
		{724339C4-77F3-4624-AB6B-F70784EB6F82}.Debug|Any CPU.Build.0 = Debug|Any CPU
		{724339C4-77F3-4624-AB6B-F70784EB6F82}.Release|Any CPU.ActiveCfg = Release|Any CPU
		{724339C4-77F3-4624-AB6B-F70784EB6F82}.Release|Any CPU.Build.0 = Release|Any CPU
		{9F224E3A-EE43-458B-87BC-7DECC7C8CFAE}.Debug|Any CPU.ActiveCfg = Debug|Any CPU
		{9F224E3A-EE43-458B-87BC-7DECC7C8CFAE}.Debug|Any CPU.Build.0 = Debug|Any CPU
		{9F224E3A-EE43-458B-87BC-7DECC7C8CFAE}.Release|Any CPU.ActiveCfg = Release|Any CPU
		{9F224E3A-EE43-458B-87BC-7DECC7C8CFAE}.Release|Any CPU.Build.0 = Release|Any CPU
		{78635C15-40DA-4D27-9AFD-C38E81192878}.Debug|Any CPU.ActiveCfg = Debug|Any CPU
		{78635C15-40DA-4D27-9AFD-C38E81192878}.Debug|Any CPU.Build.0 = Debug|Any CPU
		{78635C15-40DA-4D27-9AFD-C38E81192878}.Release|Any CPU.ActiveCfg = Release|Any CPU
		{78635C15-40DA-4D27-9AFD-C38E81192878}.Release|Any CPU.Build.0 = Release|Any CPU
		{2E528126-E00A-4B0E-AAD0-C415622B54C8}.Debug|Any CPU.ActiveCfg = Debug|Any CPU
		{2E528126-E00A-4B0E-AAD0-C415622B54C8}.Debug|Any CPU.Build.0 = Debug|Any CPU
		{2E528126-E00A-4B0E-AAD0-C415622B54C8}.Release|Any CPU.ActiveCfg = Release|Any CPU
		{2E528126-E00A-4B0E-AAD0-C415622B54C8}.Release|Any CPU.Build.0 = Release|Any CPU
		{FD305606-071D-4F35-BE6F-CB2A65172224}.Debug|Any CPU.ActiveCfg = Debug|Any CPU
		{FD305606-071D-4F35-BE6F-CB2A65172224}.Debug|Any CPU.Build.0 = Debug|Any CPU
		{FD305606-071D-4F35-BE6F-CB2A65172224}.Release|Any CPU.ActiveCfg = Release|Any CPU
		{FD305606-071D-4F35-BE6F-CB2A65172224}.Release|Any CPU.Build.0 = Release|Any CPU
		{10A9B7A1-AFC8-4261-8371-AD400D6CC131}.Debug|Any CPU.ActiveCfg = Debug|Any CPU
		{10A9B7A1-AFC8-4261-8371-AD400D6CC131}.Debug|Any CPU.Build.0 = Debug|Any CPU
		{10A9B7A1-AFC8-4261-8371-AD400D6CC131}.Release|Any CPU.ActiveCfg = Release|Any CPU
		{10A9B7A1-AFC8-4261-8371-AD400D6CC131}.Release|Any CPU.Build.0 = Release|Any CPU
		{5CD8A3B7-69B4-4D1D-B785-511D40BD49C2}.Debug|Any CPU.ActiveCfg = Debug|Any CPU
		{5CD8A3B7-69B4-4D1D-B785-511D40BD49C2}.Debug|Any CPU.Build.0 = Debug|Any CPU
		{5CD8A3B7-69B4-4D1D-B785-511D40BD49C2}.Release|Any CPU.ActiveCfg = Release|Any CPU
		{5CD8A3B7-69B4-4D1D-B785-511D40BD49C2}.Release|Any CPU.Build.0 = Release|Any CPU
		{0559755A-C74D-4B64-98FA-4A790F9D4DE7}.Debug|Any CPU.ActiveCfg = Debug|Any CPU
		{0559755A-C74D-4B64-98FA-4A790F9D4DE7}.Debug|Any CPU.Build.0 = Debug|Any CPU
		{0559755A-C74D-4B64-98FA-4A790F9D4DE7}.Release|Any CPU.ActiveCfg = Release|Any CPU
		{0559755A-C74D-4B64-98FA-4A790F9D4DE7}.Release|Any CPU.Build.0 = Release|Any CPU
		{DA3B7C7C-D4DA-42A4-A277-CE7546C60EF0}.Debug|Any CPU.ActiveCfg = Debug|Any CPU
		{DA3B7C7C-D4DA-42A4-A277-CE7546C60EF0}.Debug|Any CPU.Build.0 = Debug|Any CPU
		{DA3B7C7C-D4DA-42A4-A277-CE7546C60EF0}.Release|Any CPU.ActiveCfg = Release|Any CPU
		{DA3B7C7C-D4DA-42A4-A277-CE7546C60EF0}.Release|Any CPU.Build.0 = Release|Any CPU
		{9A35DC51-120F-4B11-8DA8-828FF06D428D}.Debug|Any CPU.ActiveCfg = Debug|Any CPU
		{9A35DC51-120F-4B11-8DA8-828FF06D428D}.Debug|Any CPU.Build.0 = Debug|Any CPU
		{9A35DC51-120F-4B11-8DA8-828FF06D428D}.Release|Any CPU.ActiveCfg = Release|Any CPU
		{9A35DC51-120F-4B11-8DA8-828FF06D428D}.Release|Any CPU.Build.0 = Release|Any CPU
		{D585ED07-4134-4082-905F-EDF7918F4A9D}.Debug|Any CPU.ActiveCfg = Debug|Any CPU
		{D585ED07-4134-4082-905F-EDF7918F4A9D}.Debug|Any CPU.Build.0 = Debug|Any CPU
		{D585ED07-4134-4082-905F-EDF7918F4A9D}.Release|Any CPU.ActiveCfg = Release|Any CPU
		{D585ED07-4134-4082-905F-EDF7918F4A9D}.Release|Any CPU.Build.0 = Release|Any CPU
		{FD00DC05-A6FB-435F-A78D-5CFE9A3F1F3F}.Debug|Any CPU.ActiveCfg = Debug|Any CPU
		{FD00DC05-A6FB-435F-A78D-5CFE9A3F1F3F}.Debug|Any CPU.Build.0 = Debug|Any CPU
		{FD00DC05-A6FB-435F-A78D-5CFE9A3F1F3F}.Release|Any CPU.ActiveCfg = Release|Any CPU
		{FD00DC05-A6FB-435F-A78D-5CFE9A3F1F3F}.Release|Any CPU.Build.0 = Release|Any CPU
	EndGlobalSection
	GlobalSection(SolutionProperties) = preSolution
		HideSolutionNode = FALSE
	EndGlobalSection
	GlobalSection(ExtensibilityGlobals) = postSolution
		SolutionGuid = {12F2CE10-700F-4A61-8EB7-A06EF096CDB0}
	EndGlobalSection
EndGlobal
