
Microsoft Visual Studio Solution File, Format Version 12.00
# Visual Studio Version 17
VisualStudioVersion = 17.3.32922.545
MinimumVisualStudioVersion = 10.0.40219.1
Project("{9A19103F-16F7-4668-BE54-9A1E7A4F7556}") = "01. Tiles Master", "01. Tiles Master\01. Tiles Master.csproj", "{724339C4-77F3-4624-AB6B-F70784EB6F82}"
EndProject
Project("{FAE04EC0-301F-11D3-BF4B-00C04F79EFBC}") = "02. Wall Destroyer", "02. Wall Destroyer\02. Wall Destroyer.csproj", "{9F224E3A-EE43-458B-87BC-7DECC7C8CFAE}"
EndProject
Project("{FAE04EC0-301F-11D3-BF4B-00C04F79EFBC}") = "Renovators", "Renovators\Renovators.csproj", "{78635C15-40DA-4D27-9AFD-C38E81192878}"
EndProject
Global
	GlobalSection(SolutionConfigurationPlatforms) = preSolution
		Debug|Any CPU = Debug|Any CPU
		Release|Any CPU = Release|Any CPU
	EndGlobalSection
	GlobalSection(ProjectConfigurationPlatforms) = postSolution
		{724339C4-77F3-4624-AB6B-F70784EB6F82}.Debug|Any CPU.ActiveCfg = Debug|Any CPU
		{724339C4-77F3-4624-AB6B-F70784EB6F82}.Debug|Any CPU.Build.0 = Debug|Any CPU
		{724339C4-77F3-4624-AB6B-F70784EB6F82}.Release|Any CPU.ActiveCfg = Release|Any CPU
		{724339C4-77F3-4624-AB6B-F70784EB6F82}.Release|Any CPU.Build.0 = Release|Any CPU
		{9F224E3A-EE43-458B-87BC-7DECC7C8CFAE}.Debug|Any CPU.ActiveCfg = Debug|Any CPU
		{9F224E3A-EE43-458B-87BC-7DECC7C8CFAE}.Debug|Any CPU.Build.0 = Debug|Any CPU
		{9F224E3A-EE43-458B-87BC-7DECC7C8CFAE}.Release|Any CPU.ActiveCfg = Release|Any CPU
		{9F224E3A-EE43-458B-87BC-7DECC7C8CFAE}.Release|Any CPU.Build.0 = Release|Any CPU
		{78635C15-40DA-4D27-9AFD-C38E81192878}.Debug|Any CPU.ActiveCfg = Debug|Any CPU
		{78635C15-40DA-4D27-9AFD-C38E81192878}.Debug|Any CPU.Build.0 = Debug|Any CPU
		{78635C15-40DA-4D27-9AFD-C38E81192878}.Release|Any CPU.ActiveCfg = Release|Any CPU
		{78635C15-40DA-4D27-9AFD-C38E81192878}.Release|Any CPU.Build.0 = Release|Any CPU
	EndGlobalSection
	GlobalSection(SolutionProperties) = preSolution
		HideSolutionNode = FALSE
	EndGlobalSection
	GlobalSection(ExtensibilityGlobals) = postSolution
		SolutionGuid = {12F2CE10-700F-4A61-8EB7-A06EF096CDB0}
	EndGlobalSection
EndGlobal
