
Microsoft Visual Studio Solution File, Format Version 12.00
# Visual Studio Version 17
VisualStudioVersion = 17.3.32922.545
MinimumVisualStudioVersion = 10.0.40219.1
Project("{FAE04EC0-301F-11D3-BF4B-00C04F79EFBC}") = "Operations", "Operations\Operations.csproj", "{DDE45DCD-C8C0-4CE7-9BA4-8199595F20DF}"
EndProject
Project("{FAE04EC0-301F-11D3-BF4B-00C04F79EFBC}") = "Animals", "Animals\Animals.csproj", "{413F0695-1851-4DB1-A882-99834151A40C}"
EndProject
Project("{FAE04EC0-301F-11D3-BF4B-00C04F79EFBC}") = "Shapes", "Shapes\Shapes.csproj", "{E6C6FF88-F740-431B-BB67-D0254A1B0EA8}"
EndProject
Project("{FAE04EC0-301F-11D3-BF4B-00C04F79EFBC}") = "Test", "Test\Test.csproj", "{1BC914AB-0432-4E86-880A-E0F306F17259}"
EndProject
Global
	GlobalSection(SolutionConfigurationPlatforms) = preSolution
		Debug|Any CPU = Debug|Any CPU
		Release|Any CPU = Release|Any CPU
	EndGlobalSection
	GlobalSection(ProjectConfigurationPlatforms) = postSolution
		{DDE45DCD-C8C0-4CE7-9BA4-8199595F20DF}.Debug|Any CPU.ActiveCfg = Debug|Any CPU
		{DDE45DCD-C8C0-4CE7-9BA4-8199595F20DF}.Debug|Any CPU.Build.0 = Debug|Any CPU
		{DDE45DCD-C8C0-4CE7-9BA4-8199595F20DF}.Release|Any CPU.ActiveCfg = Release|Any CPU
		{DDE45DCD-C8C0-4CE7-9BA4-8199595F20DF}.Release|Any CPU.Build.0 = Release|Any CPU
		{413F0695-1851-4DB1-A882-99834151A40C}.Debug|Any CPU.ActiveCfg = Debug|Any CPU
		{413F0695-1851-4DB1-A882-99834151A40C}.Debug|Any CPU.Build.0 = Debug|Any CPU
		{413F0695-1851-4DB1-A882-99834151A40C}.Release|Any CPU.ActiveCfg = Release|Any CPU
		{413F0695-1851-4DB1-A882-99834151A40C}.Release|Any CPU.Build.0 = Release|Any CPU
		{E6C6FF88-F740-431B-BB67-D0254A1B0EA8}.Debug|Any CPU.ActiveCfg = Debug|Any CPU
		{E6C6FF88-F740-431B-BB67-D0254A1B0EA8}.Debug|Any CPU.Build.0 = Debug|Any CPU
		{E6C6FF88-F740-431B-BB67-D0254A1B0EA8}.Release|Any CPU.ActiveCfg = Release|Any CPU
		{E6C6FF88-F740-431B-BB67-D0254A1B0EA8}.Release|Any CPU.Build.0 = Release|Any CPU
		{1BC914AB-0432-4E86-880A-E0F306F17259}.Debug|Any CPU.ActiveCfg = Debug|Any CPU
		{1BC914AB-0432-4E86-880A-E0F306F17259}.Debug|Any CPU.Build.0 = Debug|Any CPU
		{1BC914AB-0432-4E86-880A-E0F306F17259}.Release|Any CPU.ActiveCfg = Release|Any CPU
		{1BC914AB-0432-4E86-880A-E0F306F17259}.Release|Any CPU.Build.0 = Release|Any CPU
	EndGlobalSection
	GlobalSection(SolutionProperties) = preSolution
		HideSolutionNode = FALSE
	EndGlobalSection
	GlobalSection(ExtensibilityGlobals) = postSolution
		SolutionGuid = {5C9C4E88-0093-4A30-BBCB-B7EDCD0B9BCF}
	EndGlobalSection
EndGlobal
