
Microsoft Visual Studio Solution File, Format Version 12.00
# Visual Studio Version 17
VisualStudioVersion = 17.3.32922.545
MinimumVisualStudioVersion = 10.0.40219.1
Project("{FAE04EC0-301F-11D3-BF4B-00C04F79EFBC}") = "PersonsInfo", "PersonsInfo\PersonsInfo.csproj", "{65DE48AE-EC35-4E50-B905-7C9DBA95C022}"
EndProject
Global
	GlobalSection(SolutionConfigurationPlatforms) = preSolution
		Debug|Any CPU = Debug|Any CPU
		Release|Any CPU = Release|Any CPU
	EndGlobalSection
	GlobalSection(ProjectConfigurationPlatforms) = postSolution
		{65DE48AE-EC35-4E50-B905-7C9DBA95C022}.Debug|Any CPU.ActiveCfg = Debug|Any CPU
		{65DE48AE-EC35-4E50-B905-7C9DBA95C022}.Debug|Any CPU.Build.0 = Debug|Any CPU
		{65DE48AE-EC35-4E50-B905-7C9DBA95C022}.Release|Any CPU.ActiveCfg = Release|Any CPU
		{65DE48AE-EC35-4E50-B905-7C9DBA95C022}.Release|Any CPU.Build.0 = Release|Any CPU
	EndGlobalSection
	GlobalSection(SolutionProperties) = preSolution
		HideSolutionNode = FALSE
	EndGlobalSection
	GlobalSection(ExtensibilityGlobals) = postSolution
		SolutionGuid = {37EA99BA-87FE-4821-88B8-46B5A8ED44B8}
	EndGlobalSection
EndGlobal
