
Microsoft Visual Studio Solution File, Format Version 12.00
# Visual Studio Version 17
VisualStudioVersion = 17.3.32922.545
MinimumVisualStudioVersion = 10.0.40219.1
Project("{FAE04EC0-301F-11D3-BF4B-00C04F79EFBC}") = "01.CommandPattern", "01.CommandPattern\01.CommandPattern.csproj", "{1163C638-1049-41FB-B84B-D6FAEEB91A4E}"
EndProject
Global
	GlobalSection(SolutionConfigurationPlatforms) = preSolution
		Debug|Any CPU = Debug|Any CPU
		Release|Any CPU = Release|Any CPU
	EndGlobalSection
	GlobalSection(ProjectConfigurationPlatforms) = postSolution
		{1163C638-1049-41FB-B84B-D6FAEEB91A4E}.Debug|Any CPU.ActiveCfg = Debug|Any CPU
		{1163C638-1049-41FB-B84B-D6FAEEB91A4E}.Debug|Any CPU.Build.0 = Debug|Any CPU
		{1163C638-1049-41FB-B84B-D6FAEEB91A4E}.Release|Any CPU.ActiveCfg = Release|Any CPU
		{1163C638-1049-41FB-B84B-D6FAEEB91A4E}.Release|Any CPU.Build.0 = Release|Any CPU
	EndGlobalSection
	GlobalSection(SolutionProperties) = preSolution
		HideSolutionNode = FALSE
	EndGlobalSection
	GlobalSection(ExtensibilityGlobals) = postSolution
		SolutionGuid = {0033CEB7-2E04-4251-8ACB-DA99F5AA7343}
	EndGlobalSection
EndGlobal
