
Microsoft Visual Studio Solution File, Format Version 12.00
# Visual Studio Version 17
VisualStudioVersion = 17.3.32922.545
MinimumVisualStudioVersion = 10.0.40219.1
Project("{9A19103F-16F7-4668-BE54-9A1E7A4F7556}") = "Stealer", "01.Stealer\Stealer.csproj", "{4CC3A5D8-50F9-40B1-98D0-B72510055E63}"
EndProject
Global
	GlobalSection(SolutionConfigurationPlatforms) = preSolution
		Debug|Any CPU = Debug|Any CPU
		Release|Any CPU = Release|Any CPU
	EndGlobalSection
	GlobalSection(ProjectConfigurationPlatforms) = postSolution
		{4CC3A5D8-50F9-40B1-98D0-B72510055E63}.Debug|Any CPU.ActiveCfg = Debug|Any CPU
		{4CC3A5D8-50F9-40B1-98D0-B72510055E63}.Debug|Any CPU.Build.0 = Debug|Any CPU
		{4CC3A5D8-50F9-40B1-98D0-B72510055E63}.Release|Any CPU.ActiveCfg = Release|Any CPU
		{4CC3A5D8-50F9-40B1-98D0-B72510055E63}.Release|Any CPU.Build.0 = Release|Any CPU
	EndGlobalSection
	GlobalSection(SolutionProperties) = preSolution
		HideSolutionNode = FALSE
	EndGlobalSection
	GlobalSection(ExtensibilityGlobals) = postSolution
		SolutionGuid = {8D3EA276-DE51-4F70-8E3B-5335E4251D25}
	EndGlobalSection
EndGlobal
