
Microsoft Visual Studio Solution File, Format Version 12.00
# Visual Studio Version 16
VisualStudioVersion = 16.0.30320.27
MinimumVisualStudioVersion = 10.0.40219.1
Project("{FAE04EC0-301F-11D3-BF4B-00C04F79EFBC}") = "01. Reverse Strings", "01. Reverse Strings\01. Reverse Strings.csproj", "{8FC6B22B-DB68-4C1F-AA6F-06113DDFEA33}"
EndProject
Project("{FAE04EC0-301F-11D3-BF4B-00C04F79EFBC}") = "02. Repeat Strings", "02. Repeat Strings\02. Repeat Strings.csproj", "{68076FCA-1D0E-4269-8EDF-3D83E9C4BFD5}"
EndProject
Project("{FAE04EC0-301F-11D3-BF4B-00C04F79EFBC}") = "03. Substring", "03. Substring\03. Substring.csproj", "{1B5F3203-5D69-4D55-ACE9-739D93B591D7}"
EndProject
Project("{FAE04EC0-301F-11D3-BF4B-00C04F79EFBC}") = "04. Text Filter", "04. Text Filter\04. Text Filter.csproj", "{B14786E2-DF0C-4489-BFEF-43045339A9DF}"
EndProject
Project("{FAE04EC0-301F-11D3-BF4B-00C04F79EFBC}") = "05. Digits, Letters and Other", "05. Digits, Letters and Other\05. Digits, Letters and Other.csproj", "{6C0FD568-E74E-43B6-8DE4-B0019F77A1E1}"
EndProject
Global
	GlobalSection(SolutionConfigurationPlatforms) = preSolution
		Debug|Any CPU = Debug|Any CPU
		Release|Any CPU = Release|Any CPU
	EndGlobalSection
	GlobalSection(ProjectConfigurationPlatforms) = postSolution
		{8FC6B22B-DB68-4C1F-AA6F-06113DDFEA33}.Debug|Any CPU.ActiveCfg = Debug|Any CPU
		{8FC6B22B-DB68-4C1F-AA6F-06113DDFEA33}.Debug|Any CPU.Build.0 = Debug|Any CPU
		{8FC6B22B-DB68-4C1F-AA6F-06113DDFEA33}.Release|Any CPU.ActiveCfg = Release|Any CPU
		{8FC6B22B-DB68-4C1F-AA6F-06113DDFEA33}.Release|Any CPU.Build.0 = Release|Any CPU
		{68076FCA-1D0E-4269-8EDF-3D83E9C4BFD5}.Debug|Any CPU.ActiveCfg = Debug|Any CPU
		{68076FCA-1D0E-4269-8EDF-3D83E9C4BFD5}.Debug|Any CPU.Build.0 = Debug|Any CPU
		{68076FCA-1D0E-4269-8EDF-3D83E9C4BFD5}.Release|Any CPU.ActiveCfg = Release|Any CPU
		{68076FCA-1D0E-4269-8EDF-3D83E9C4BFD5}.Release|Any CPU.Build.0 = Release|Any CPU
		{1B5F3203-5D69-4D55-ACE9-739D93B591D7}.Debug|Any CPU.ActiveCfg = Debug|Any CPU
		{1B5F3203-5D69-4D55-ACE9-739D93B591D7}.Debug|Any CPU.Build.0 = Debug|Any CPU
		{1B5F3203-5D69-4D55-ACE9-739D93B591D7}.Release|Any CPU.ActiveCfg = Release|Any CPU
		{1B5F3203-5D69-4D55-ACE9-739D93B591D7}.Release|Any CPU.Build.0 = Release|Any CPU
		{B14786E2-DF0C-4489-BFEF-43045339A9DF}.Debug|Any CPU.ActiveCfg = Debug|Any CPU
		{B14786E2-DF0C-4489-BFEF-43045339A9DF}.Debug|Any CPU.Build.0 = Debug|Any CPU
		{B14786E2-DF0C-4489-BFEF-43045339A9DF}.Release|Any CPU.ActiveCfg = Release|Any CPU
		{B14786E2-DF0C-4489-BFEF-43045339A9DF}.Release|Any CPU.Build.0 = Release|Any CPU
		{6C0FD568-E74E-43B6-8DE4-B0019F77A1E1}.Debug|Any CPU.ActiveCfg = Debug|Any CPU
		{6C0FD568-E74E-43B6-8DE4-B0019F77A1E1}.Debug|Any CPU.Build.0 = Debug|Any CPU
		{6C0FD568-E74E-43B6-8DE4-B0019F77A1E1}.Release|Any CPU.ActiveCfg = Release|Any CPU
		{6C0FD568-E74E-43B6-8DE4-B0019F77A1E1}.Release|Any CPU.Build.0 = Release|Any CPU
	EndGlobalSection
	GlobalSection(SolutionProperties) = preSolution
		HideSolutionNode = FALSE
	EndGlobalSection
	GlobalSection(ExtensibilityGlobals) = postSolution
		SolutionGuid = {774FD312-A805-497C-9B43-703EE180FAA1}
	EndGlobalSection
EndGlobal
