
Microsoft Visual Studio Solution File, Format Version 12.00
# Visual Studio Version 17
VisualStudioVersion = 17.3.32922.545
MinimumVisualStudioVersion = 10.0.40219.1
Project("{FAE04EC0-301F-11D3-BF4B-00C04F79EFBC}") = "01. Sort Even Numbers", "01. Sort Even Numbers\01. Sort Even Numbers.csproj", "{578B8163-7EEC-40E0-BEC3-A2C702415364}"
EndProject
Project("{FAE04EC0-301F-11D3-BF4B-00C04F79EFBC}") = "02. Sum Numbers", "02. Sum Numbers\02. Sum Numbers.csproj", "{E3059204-67C4-4789-9C5D-EE6B4E728B6C}"
EndProject
Project("{FAE04EC0-301F-11D3-BF4B-00C04F79EFBC}") = "03. Count Uppercase Words", "03. Count Uppercase Words\03. Count Uppercase Words.csproj", "{3F3F4A6D-FF45-4510-AB43-DCC247020AEC}"
EndProject
Project("{FAE04EC0-301F-11D3-BF4B-00C04F79EFBC}") = "04. Add VAT", "04. Add VAT\04. Add VAT.csproj", "{2A4EC277-9092-4E5B-AE8A-EB64883FDFE4}"
EndProject
Project("{FAE04EC0-301F-11D3-BF4B-00C04F79EFBC}") = "05. Filter By Age", "05. Filter By Age\05. Filter By Age.csproj", "{38875C0A-831F-486F-AEF5-793F1B691CED}"
EndProject
Global
	GlobalSection(SolutionConfigurationPlatforms) = preSolution
		Debug|Any CPU = Debug|Any CPU
		Release|Any CPU = Release|Any CPU
	EndGlobalSection
	GlobalSection(ProjectConfigurationPlatforms) = postSolution
		{578B8163-7EEC-40E0-BEC3-A2C702415364}.Debug|Any CPU.ActiveCfg = Debug|Any CPU
		{578B8163-7EEC-40E0-BEC3-A2C702415364}.Debug|Any CPU.Build.0 = Debug|Any CPU
		{578B8163-7EEC-40E0-BEC3-A2C702415364}.Release|Any CPU.ActiveCfg = Release|Any CPU
		{578B8163-7EEC-40E0-BEC3-A2C702415364}.Release|Any CPU.Build.0 = Release|Any CPU
		{E3059204-67C4-4789-9C5D-EE6B4E728B6C}.Debug|Any CPU.ActiveCfg = Debug|Any CPU
		{E3059204-67C4-4789-9C5D-EE6B4E728B6C}.Debug|Any CPU.Build.0 = Debug|Any CPU
		{E3059204-67C4-4789-9C5D-EE6B4E728B6C}.Release|Any CPU.ActiveCfg = Release|Any CPU
		{E3059204-67C4-4789-9C5D-EE6B4E728B6C}.Release|Any CPU.Build.0 = Release|Any CPU
		{3F3F4A6D-FF45-4510-AB43-DCC247020AEC}.Debug|Any CPU.ActiveCfg = Debug|Any CPU
		{3F3F4A6D-FF45-4510-AB43-DCC247020AEC}.Debug|Any CPU.Build.0 = Debug|Any CPU
		{3F3F4A6D-FF45-4510-AB43-DCC247020AEC}.Release|Any CPU.ActiveCfg = Release|Any CPU
		{3F3F4A6D-FF45-4510-AB43-DCC247020AEC}.Release|Any CPU.Build.0 = Release|Any CPU
		{2A4EC277-9092-4E5B-AE8A-EB64883FDFE4}.Debug|Any CPU.ActiveCfg = Debug|Any CPU
		{2A4EC277-9092-4E5B-AE8A-EB64883FDFE4}.Debug|Any CPU.Build.0 = Debug|Any CPU
		{2A4EC277-9092-4E5B-AE8A-EB64883FDFE4}.Release|Any CPU.ActiveCfg = Release|Any CPU
		{2A4EC277-9092-4E5B-AE8A-EB64883FDFE4}.Release|Any CPU.Build.0 = Release|Any CPU
		{38875C0A-831F-486F-AEF5-793F1B691CED}.Debug|Any CPU.ActiveCfg = Debug|Any CPU
		{38875C0A-831F-486F-AEF5-793F1B691CED}.Debug|Any CPU.Build.0 = Debug|Any CPU
		{38875C0A-831F-486F-AEF5-793F1B691CED}.Release|Any CPU.ActiveCfg = Release|Any CPU
		{38875C0A-831F-486F-AEF5-793F1B691CED}.Release|Any CPU.Build.0 = Release|Any CPU
	EndGlobalSection
	GlobalSection(SolutionProperties) = preSolution
		HideSolutionNode = FALSE
	EndGlobalSection
	GlobalSection(ExtensibilityGlobals) = postSolution
		SolutionGuid = {19684381-AB32-478E-891F-BCF5E5F91448}
	EndGlobalSection
EndGlobal
