
Microsoft Visual Studio Solution File, Format Version 12.00
# Visual Studio Version 17
VisualStudioVersion = 17.3.32922.545
MinimumVisualStudioVersion = 10.0.40219.1
Project("{FAE04EC0-301F-11D3-BF4B-00C04F79EFBC}") = "Shapes", "Shapes\Shapes.csproj", "{21D17CC3-DED8-4134-AFE1-C2D7A58A57CF}"
EndProject
Project("{FAE04EC0-301F-11D3-BF4B-00C04F79EFBC}") = "Cars", "Cars\Cars.csproj", "{F247FF4A-C2FE-4EA5-9168-AD912BA16A9A}"
EndProject
Global
	GlobalSection(SolutionConfigurationPlatforms) = preSolution
		Debug|Any CPU = Debug|Any CPU
		Release|Any CPU = Release|Any CPU
	EndGlobalSection
	GlobalSection(ProjectConfigurationPlatforms) = postSolution
		{21D17CC3-DED8-4134-AFE1-C2D7A58A57CF}.Debug|Any CPU.ActiveCfg = Debug|Any CPU
		{21D17CC3-DED8-4134-AFE1-C2D7A58A57CF}.Debug|Any CPU.Build.0 = Debug|Any CPU
		{21D17CC3-DED8-4134-AFE1-C2D7A58A57CF}.Release|Any CPU.ActiveCfg = Release|Any CPU
		{21D17CC3-DED8-4134-AFE1-C2D7A58A57CF}.Release|Any CPU.Build.0 = Release|Any CPU
		{F247FF4A-C2FE-4EA5-9168-AD912BA16A9A}.Debug|Any CPU.ActiveCfg = Debug|Any CPU
		{F247FF4A-C2FE-4EA5-9168-AD912BA16A9A}.Debug|Any CPU.Build.0 = Debug|Any CPU
		{F247FF4A-C2FE-4EA5-9168-AD912BA16A9A}.Release|Any CPU.ActiveCfg = Release|Any CPU
		{F247FF4A-C2FE-4EA5-9168-AD912BA16A9A}.Release|Any CPU.Build.0 = Release|Any CPU
	EndGlobalSection
	GlobalSection(SolutionProperties) = preSolution
		HideSolutionNode = FALSE
	EndGlobalSection
	GlobalSection(ExtensibilityGlobals) = postSolution
		SolutionGuid = {F5D422AD-F841-4494-91B9-5FFEC42285E8}
	EndGlobalSection
EndGlobal
