
Microsoft Visual Studio Solution File, Format Version 12.00
# Visual Studio Version 16
VisualStudioVersion = 16.0.30320.27
MinimumVisualStudioVersion = 10.0.40219.1
Project("{FAE04EC0-301F-11D3-BF4B-00C04F79EFBC}") = "01. Data Type Finder", "01. Data Type Finder\01. Data Type Finder.csproj", "{980C2CC4-AAF4-456D-BD3A-5D0AA10F6BCE}"
EndProject
Project("{FAE04EC0-301F-11D3-BF4B-00C04F79EFBC}") = "02. From Left to The Right", "02. From Left to The Right\02. From Left to The Right.csproj", "{7095012F-38F4-4B37-8BA9-2B87882945D3}"
EndProject
Global
	GlobalSection(SolutionConfigurationPlatforms) = preSolution
		Debug|Any CPU = Debug|Any CPU
		Release|Any CPU = Release|Any CPU
	EndGlobalSection
	GlobalSection(ProjectConfigurationPlatforms) = postSolution
		{980C2CC4-AAF4-456D-BD3A-5D0AA10F6BCE}.Debug|Any CPU.ActiveCfg = Debug|Any CPU
		{980C2CC4-AAF4-456D-BD3A-5D0AA10F6BCE}.Debug|Any CPU.Build.0 = Debug|Any CPU
		{980C2CC4-AAF4-456D-BD3A-5D0AA10F6BCE}.Release|Any CPU.ActiveCfg = Release|Any CPU
		{980C2CC4-AAF4-456D-BD3A-5D0AA10F6BCE}.Release|Any CPU.Build.0 = Release|Any CPU
		{7095012F-38F4-4B37-8BA9-2B87882945D3}.Debug|Any CPU.ActiveCfg = Debug|Any CPU
		{7095012F-38F4-4B37-8BA9-2B87882945D3}.Debug|Any CPU.Build.0 = Debug|Any CPU
		{7095012F-38F4-4B37-8BA9-2B87882945D3}.Release|Any CPU.ActiveCfg = Release|Any CPU
		{7095012F-38F4-4B37-8BA9-2B87882945D3}.Release|Any CPU.Build.0 = Release|Any CPU
	EndGlobalSection
	GlobalSection(SolutionProperties) = preSolution
		HideSolutionNode = FALSE
	EndGlobalSection
	GlobalSection(ExtensibilityGlobals) = postSolution
		SolutionGuid = {8717E69C-030A-481F-B021-89D2BBBBC8F0}
	EndGlobalSection
EndGlobal
