
Microsoft Visual Studio Solution File, Format Version 12.00
# Visual Studio Version 16
VisualStudioVersion = 16.0.30320.27
MinimumVisualStudioVersion = 10.0.40219.1
Project("{FAE04EC0-301F-11D3-BF4B-00C04F79EFBC}") = "01. Match Full Name", "01. Match Full Name\01. Match Full Name.csproj", "{BDDC894A-F1C6-4F6C-9A47-545E48798E57}"
EndProject
Project("{FAE04EC0-301F-11D3-BF4B-00C04F79EFBC}") = "02. Match Phone Number", "02. Match Phone Number\02. Match Phone Number.csproj", "{81403658-0FB4-4F3D-8928-B92A8FB04DD3}"
EndProject
Project("{FAE04EC0-301F-11D3-BF4B-00C04F79EFBC}") = "03. Match Dates", "03. Match Dates\03. Match Dates.csproj", "{7A0E0D1C-83D2-4A34-946C-DA3BDCA4C89E}"
EndProject
Global
	GlobalSection(SolutionConfigurationPlatforms) = preSolution
		Debug|Any CPU = Debug|Any CPU
		Release|Any CPU = Release|Any CPU
	EndGlobalSection
	GlobalSection(ProjectConfigurationPlatforms) = postSolution
		{BDDC894A-F1C6-4F6C-9A47-545E48798E57}.Debug|Any CPU.ActiveCfg = Debug|Any CPU
		{BDDC894A-F1C6-4F6C-9A47-545E48798E57}.Debug|Any CPU.Build.0 = Debug|Any CPU
		{BDDC894A-F1C6-4F6C-9A47-545E48798E57}.Release|Any CPU.ActiveCfg = Release|Any CPU
		{BDDC894A-F1C6-4F6C-9A47-545E48798E57}.Release|Any CPU.Build.0 = Release|Any CPU
		{81403658-0FB4-4F3D-8928-B92A8FB04DD3}.Debug|Any CPU.ActiveCfg = Debug|Any CPU
		{81403658-0FB4-4F3D-8928-B92A8FB04DD3}.Debug|Any CPU.Build.0 = Debug|Any CPU
		{81403658-0FB4-4F3D-8928-B92A8FB04DD3}.Release|Any CPU.ActiveCfg = Release|Any CPU
		{81403658-0FB4-4F3D-8928-B92A8FB04DD3}.Release|Any CPU.Build.0 = Release|Any CPU
		{7A0E0D1C-83D2-4A34-946C-DA3BDCA4C89E}.Debug|Any CPU.ActiveCfg = Debug|Any CPU
		{7A0E0D1C-83D2-4A34-946C-DA3BDCA4C89E}.Debug|Any CPU.Build.0 = Debug|Any CPU
		{7A0E0D1C-83D2-4A34-946C-DA3BDCA4C89E}.Release|Any CPU.ActiveCfg = Release|Any CPU
		{7A0E0D1C-83D2-4A34-946C-DA3BDCA4C89E}.Release|Any CPU.Build.0 = Release|Any CPU
	EndGlobalSection
	GlobalSection(SolutionProperties) = preSolution
		HideSolutionNode = FALSE
	EndGlobalSection
	GlobalSection(ExtensibilityGlobals) = postSolution
		SolutionGuid = {41438654-C2A8-42D1-AC5B-F9EF22B63F3A}
	EndGlobalSection
EndGlobal
