
Microsoft Visual Studio Solution File, Format Version 12.00
# Visual Studio Version 17
VisualStudioVersion = 17.3.32922.545
MinimumVisualStudioVersion = 10.0.40219.1
Project("{FAE04EC0-301F-11D3-BF4B-00C04F79EFBC}") = "Farm", "Farm\Farm.csproj", "{0A483671-820F-4D23-B446-0D6040B2674F}"
EndProject
Global
	GlobalSection(SolutionConfigurationPlatforms) = preSolution
		Debug|Any CPU = Debug|Any CPU
		Release|Any CPU = Release|Any CPU
	EndGlobalSection
	GlobalSection(ProjectConfigurationPlatforms) = postSolution
		{0A483671-820F-4D23-B446-0D6040B2674F}.Debug|Any CPU.ActiveCfg = Debug|Any CPU
		{0A483671-820F-4D23-B446-0D6040B2674F}.Debug|Any CPU.Build.0 = Debug|Any CPU
		{0A483671-820F-4D23-B446-0D6040B2674F}.Release|Any CPU.ActiveCfg = Release|Any CPU
		{0A483671-820F-4D23-B446-0D6040B2674F}.Release|Any CPU.Build.0 = Release|Any CPU
	EndGlobalSection
	GlobalSection(SolutionProperties) = preSolution
		HideSolutionNode = FALSE
	EndGlobalSection
	GlobalSection(ExtensibilityGlobals) = postSolution
		SolutionGuid = {7C73C71E-856D-4F28-AAFB-8DE59630C73C}
	EndGlobalSection
EndGlobal
