
Microsoft Visual Studio Solution File, Format Version 12.00
# Visual Studio Version 17
VisualStudioVersion = 17.6.33723.286
MinimumVisualStudioVersion = 10.0.40219.1
Project("{FAE04EC0-301F-11D3-BF4B-00C04F79EFBC}") = "Demo", "Demo.csproj", "{03161BB0-70BE-464E-908E-E7EE9B24A480}"
EndProject
Global
	GlobalSection(SolutionConfigurationPlatforms) = preSolution
		Debug|Any CPU = Debug|Any CPU
		Release|Any CPU = Release|Any CPU
	EndGlobalSection
	GlobalSection(ProjectConfigurationPlatforms) = postSolution
		{03161BB0-70BE-464E-908E-E7EE9B24A480}.Debug|Any CPU.ActiveCfg = Debug|Any CPU
		{03161BB0-70BE-464E-908E-E7EE9B24A480}.Debug|Any CPU.Build.0 = Debug|Any CPU
		{03161BB0-70BE-464E-908E-E7EE9B24A480}.Release|Any CPU.ActiveCfg = Release|Any CPU
		{03161BB0-70BE-464E-908E-E7EE9B24A480}.Release|Any CPU.Build.0 = Release|Any CPU
	EndGlobalSection
	GlobalSection(SolutionProperties) = preSolution
		HideSolutionNode = FALSE
	EndGlobalSection
	GlobalSection(ExtensibilityGlobals) = postSolution
		SolutionGuid = {1FDB94A7-D44F-4E5B-93DD-3CAC9F34ECD8}
	EndGlobalSection
EndGlobal
